// !$*UTF8*$!
{
	archiveVersion = 1;
	classes = {
	};
	objectVersion = 46;
	objects = {

/* Begin PBXBuildFile section */
		C03D5B821D788DAC0005C5BD /* AppDelegate.swift in Sources */ = {isa = PBXBuildFile; fileRef = C03D5B811D788DAC0005C5BD /* AppDelegate.swift */; };
		C03D5B841D788DAC0005C5BD /* ViewController.swift in Sources */ = {isa = PBXBuildFile; fileRef = C03D5B831D788DAC0005C5BD /* ViewController.swift */; };
		C03D5B871D788DAC0005C5BD /* Main.storyboard in Resources */ = {isa = PBXBuildFile; fileRef = C03D5B851D788DAC0005C5BD /* Main.storyboard */; };
		C03D5B891D788DAC0005C5BD /* Assets.xcassets in Resources */ = {isa = PBXBuildFile; fileRef = C03D5B881D788DAC0005C5BD /* Assets.xcassets */; };
		C03D5B8C1D788DAC0005C5BD /* LaunchScreen.storyboard in Resources */ = {isa = PBXBuildFile; fileRef = C03D5B8A1D788DAC0005C5BD /* LaunchScreen.storyboard */; };
/* End PBXBuildFile section */

/* Begin PBXFileReference section */
		C03D5B7E1D788DAB0005C5BD /* Apartment Viewer.app */ = {isa = PBXFileReference; explicitFileType = wrapper.application; includeInIndex = 0; path = "Apartment Viewer.app"; sourceTree = BUILT_PRODUCTS_DIR; };
		C03D5B811D788DAC0005C5BD /* AppDelegate.swift */ = {isa = PBXFileReference; lastKnownFileType = sourcecode.swift; path = AppDelegate.swift; sourceTree = "<group>"; };
		C03D5B831D788DAC0005C5BD /* ViewController.swift */ = {isa = PBXFileReference; lastKnownFileType = sourcecode.swift; path = ViewController.swift; sourceTree = "<group>"; };
		C03D5B861D788DAC0005C5BD /* Base */ = {isa = PBXFileReference; lastKnownFileType = file.storyboard; name = Base; path = Base.lproj/Main.storyboard; sourceTree = "<group>"; };
		C03D5B881D788DAC0005C5BD /* Assets.xcassets */ = {isa = PBXFileReference; lastKnownFileType = folder.assetcatalog; path = Assets.xcassets; sourceTree = "<group>"; };
		C03D5B8B1D788DAC0005C5BD /* Base */ = {isa = PBXFileReference; lastKnownFileType = file.storyboard; name = Base; path = Base.lproj/LaunchScreen.storyboard; sourceTree = "<group>"; };
		C03D5B8D1D788DAC0005C5BD /* Info.plist */ = {isa = PBXFileReference; lastKnownFileType = text.plist.xml; path = Info.plist; sourceTree = "<group>"; };
/* End PBXFileReference section */

/* Begin PBXFrameworksBuildPhase section */
		C03D5B7B1D788DAB0005C5BD /* Frameworks */ = {
			isa = PBXFrameworksBuildPhase;
			buildActionMask = 2147483647;
			files = (
			);
			runOnlyForDeploymentPostprocessing = 0;
		};
/* End PBXFrameworksBuildPhase section */

/* Begin PBXGroup section */
		C03D5B751D788DAB0005C5BD = {
			isa = PBXGroup;
			children = (
				C03D5B801D788DAC0005C5BD /* Apartment Viewer */,
				C03D5B7F1D788DAB0005C5BD /* Products */,
			);
			sourceTree = "<group>";
		};
		C03D5B7F1D788DAB0005C5BD /* Products */ = {
			isa = PBXGroup;
			children = (
				C03D5B7E1D788DAB0005C5BD /* Apartment Viewer.app */,
			);
			name = Products;
			sourceTree = "<group>";
		};
		C03D5B801D788DAC0005C5BD /* Apartment Viewer */ = {
			isa = PBXGroup;
			children = (
				C03D5B811D788DAC0005C5BD /* AppDelegate.swift */,
				C03D5B831D788DAC0005C5BD /* ViewController.swift */,
				C03D5B851D788DAC0005C5BD /* Main.storyboard */,
				C03D5B881D788DAC0005C5BD /* Assets.xcassets */,
				C03D5B8A1D788DAC0005C5BD /* LaunchScreen.storyboard */,
				C03D5B8D1D788DAC0005C5BD /* Info.plist */,
			);
			path = "Apartment Viewer";
			sourceTree = "<group>";
		};
/* End PBXGroup section */

/* Begin PBXNativeTarget section */
		C03D5B7D1D788DAB0005C5BD /* Apartment Viewer */ = {
			isa = PBXNativeTarget;
			buildConfigurationList = C03D5B901D788DAC0005C5BD /* Build configuration list for PBXNativeTarget "Apartment Viewer" */;
			buildPhases = (
				C03D5B7A1D788DAB0005C5BD /* Sources */,
				C03D5B7B1D788DAB0005C5BD /* Frameworks */,
				C03D5B7C1D788DAB0005C5BD /* Resources */,
			);
			buildRules = (
			);
			dependencies = (
			);
			name = "Apartment Viewer";
			productName = "Apartment Viewer";
			productReference = C03D5B7E1D788DAB0005C5BD /* Apartment Viewer.app */;
			productType = "com.apple.product-type.application";
		};
/* End PBXNativeTarget section */

/* Begin PBXProject section */
		C03D5B761D788DAB0005C5BD /* Project object */ = {
			isa = PBXProject;
			attributes = {
				LastSwiftUpdateCheck = 0730;
				LastUpgradeCheck = 0730;
				ORGANIZATIONNAME = wei;
				TargetAttributes = {
					C03D5B7D1D788DAB0005C5BD = {
						CreatedOnToolsVersion = 7.3;
						DevelopmentTeam = Y3K3VUH8FU;
					};
				};
			};
			buildConfigurationList = C03D5B791D788DAB0005C5BD /* Build configuration list for PBXProject "Apartment Viewer" */;
			compatibilityVersion = "Xcode 3.2";
			developmentRegion = English;
			hasScannedForEncodings = 0;
			knownRegions = (
				en,
				Base,
			);
			mainGroup = C03D5B751D788DAB0005C5BD;
			productRefGroup = C03D5B7F1D788DAB0005C5BD /* Products */;
			projectDirPath = "";
			projectRoot = "";
			targets = (
				C03D5B7D1D788DAB0005C5BD /* Apartment Viewer */,
			);
		};
/* End PBXProject section */

/* Begin PBXResourcesBuildPhase section */
		C03D5B7C1D788DAB0005C5BD /* Resources */ = {
			isa = PBXResourcesBuildPhase;
			buildActionMask = 2147483647;
			files = (
				C03D5B8C1D788DAC0005C5BD /* LaunchScreen.storyboard in Resources */,
				C03D5B891D788DAC0005C5BD /* Assets.xcassets in Resources */,
				C03D5B871D788DAC0005C5BD /* Main.storyboard in Resources */,
			);
			runOnlyForDeploymentPostprocessing = 0;
		};
/* End PBXResourcesBuildPhase section */

/* Begin PBXSourcesBuildPhase section */
		C03D5B7A1D788DAB0005C5BD /* Sources */ = {
			isa = PBXSourcesBuildPhase;
			buildActionMask = 2147483647;
			files = (
				C03D5B841D788DAC0005C5BD /* ViewController.swift in Sources */,
				C03D5B821D788DAC0005C5BD /* AppDelegate.swift in Sources */,
			);
			runOnlyForDeploymentPostprocessing = 0;
		};
/* End PBXSourcesBuildPhase section */

/* Begin PBXVariantGroup section */
		C03D5B851D788DAC0005C5BD /* Main.storyboard */ = {
			isa = PBXVariantGroup;
			children = (
				C03D5B861D788DAC0005C5BD /* Base */,
			);
			name = Main.storyboard;
			sourceTree = "<group>";
		};
		C03D5B8A1D788DAC0005C5BD /* LaunchScreen.storyboard */ = {
			isa = PBXVariantGroup;
			children = (
				C03D5B8B1D788DAC0005C5BD /* Base */,
			);
			name = LaunchScreen.storyboard;
			sourceTree = "<group>";
		};
/* End PBXVariantGroup section */

/* Begin XCBuildConfiguration section */
		C03D5B8E1D788DAC0005C5BD /* Debug */ = {
			isa = XCBuildConfiguration;
			buildSettings = {
				ALWAYS_SEARCH_USER_PATHS = NO;
				CLANG_ANALYZER_NONNULL = YES;
				CLANG_CXX_LANGUAGE_STANDARD = "gnu++0x";
				CLANG_CXX_LIBRARY = "libc++";
				CLANG_ENABLE_MODULES = YES;
				CLANG_ENABLE_OBJC_ARC = YES;
				CLANG_WARN_BOOL_CONVERSION = YES;
				CLANG_WARN_CONSTANT_CONVERSION = YES;
				CLANG_WARN_DIRECT_OBJC_ISA_USAGE = YES_ERROR;
				CLANG_WARN_EMPTY_BODY = YES;
				CLANG_WARN_ENUM_CONVERSION = YES;
				CLANG_WARN_INT_CONVERSION = YES;
				CLANG_WARN_OBJC_ROOT_CLASS = YES_ERROR;
				CLANG_WARN_UNREACHABLE_CODE = YES;
				CLANG_WARN__DUPLICATE_METHOD_MATCH = YES;
				"CODE_SIGN_IDENTITY[sdk=iphoneos*]" = "iPhone Developer";
				COPY_PHASE_STRIP = NO;
				DEBUG_INFORMATION_FORMAT = dwarf;
				ENABLE_STRICT_OBJC_MSGSEND = YES;
				ENABLE_TESTABILITY = YES;
				GCC_C_LANGUAGE_STANDARD = gnu99;
				GCC_DYNAMIC_NO_PIC = NO;
				GCC_NO_COMMON_BLOCKS = YES;
				GCC_OPTIMIZATION_LEVEL = 0;
				GCC_PREPROCESSOR_DEFINITIONS = (
					"DEBUG=1",
					"$(inherited)",
				);
				GCC_WARN_64_TO_32_BIT_CONVERSION = YES;
				GCC_WARN_ABOUT_RETURN_TYPE = YES_ERROR;
				GCC_WARN_UNDECLARED_SELECTOR = YES;
				GCC_WARN_UNINITIALIZED_AUTOS = YES_AGGRESSIVE;
				GCC_WARN_UNUSED_FUNCTION = YES;
				GCC_WARN_UNUSED_VARIABLE = YES;
				IPHONEOS_DEPLOYMENT_TARGET = 9.3;
				MTL_ENABLE_DEBUG_INFO = YES;
				ONLY_ACTIVE_ARCH = YES;
				SDKROOT = iphoneos;
				SWIFT_OPTIMIZATION_LEVEL = "-Onone";
				TARGETED_DEVICE_FAMILY = "1,2";
			};
			name = Debug;
		};
		C03D5B8F1D788DAC0005C5BD /* Release */ = {
			isa = XCBuildConfiguration;
			buildSettings = {
				ALWAYS_SEARCH_USER_PATHS = NO;
				CLANG_ANALYZER_NONNULL = YES;
				CLANG_CXX_LANGUAGE_STANDARD = "gnu++0x";
				CLANG_CXX_LIBRARY = "libc++";
				CLANG_ENABLE_MODULES = YES;
				CLANG_ENABLE_OBJC_ARC = YES;
				CLANG_WARN_BOOL_CONVERSION = YES;
				CLANG_WARN_CONSTANT_CONVERSION = YES;
				CLANG_WARN_DIRECT_OBJC_ISA_USAGE = YES_ERROR;
				CLANG_WARN_EMPTY_BODY = YES;
				CLANG_WARN_ENUM_CONVERSION = YES;
				CLANG_WARN_INT_CONVERSION = YES;
				CLANG_WARN_OBJC_ROOT_CLASS = YES_ERROR;
				CLANG_WARN_UNREACHABLE_CODE = YES;
				CLANG_WARN__DUPLICATE_METHOD_MATCH = YES;
				"CODE_SIGN_IDENTITY[sdk=iphoneos*]" = "iPhone Developer";
				COPY_PHASE_STRIP = NO;
				DEBUG_INFORMATION_FORMAT = "dwarf-with-dsym";
				ENABLE_NS_ASSERTIONS = NO;
				ENABLE_STRICT_OBJC_MSGSEND = YES;
				GCC_C_LANGUAGE_STANDARD = gnu99;
				GCC_NO_COMMON_BLOCKS = YES;
				GCC_WARN_64_TO_32_BIT_CONVERSION = YES;
				GCC_WARN_ABOUT_RETURN_TYPE = YES_ERROR;
				GCC_WARN_UNDECLARED_SELECTOR = YES;
				GCC_WARN_UNINITIALIZED_AUTOS = YES_AGGRESSIVE;
				GCC_WARN_UNUSED_FUNCTION = YES;
				GCC_WARN_UNUSED_VARIABLE = YES;
				IPHONEOS_DEPLOYMENT_TARGET = 9.3;
				MTL_ENABLE_DEBUG_INFO = NO;
				SDKROOT = iphoneos;
				TARGETED_DEVICE_FAMILY = "1,2";
				VALIDATE_PRODUCT = YES;
			};
			name = Release;
		};
		C03D5B911D788DAC0005C5BD /* Debug */ = {
			isa = XCBuildConfiguration;
			buildSettings = {
				ASSETCATALOG_COMPILER_APPICON_NAME = AppIcon;
				CODE_SIGN_IDENTITY = "iPhone Developer";
				"CODE_SIGN_IDENTITY[sdk=iphoneos*]" = "iPhone Developer";
				INFOPLIST_FILE = "Apartment Viewer/Info.plist";
				LD_RUNPATH_SEARCH_PATHS = "$(inherited) @executable_path/Frameworks";
				PRODUCT_BUNDLE_IDENTIFIER = "weimiao.Apartment-Viewer";
				PRODUCT_NAME = "$(TARGET_NAME)";
				PROVISIONING_PROFILE = "";
			};
			name = Debug;
		};
		C03D5B921D788DAC0005C5BD /* Release */ = {
			isa = XCBuildConfiguration;
			buildSettings = {
				ASSETCATALOG_COMPILER_APPICON_NAME = AppIcon;
				CODE_SIGN_IDENTITY = "iPhone Developer";
				"CODE_SIGN_IDENTITY[sdk=iphoneos*]" = "iPhone Developer";
				INFOPLIST_FILE = "Apartment Viewer/Info.plist";
				LD_RUNPATH_SEARCH_PATHS = "$(inherited) @executable_path/Frameworks";
				PRODUCT_BUNDLE_IDENTIFIER = "weimiao.Apartment-Viewer";
				PRODUCT_NAME = "$(TARGET_NAME)";
				PROVISIONING_PROFILE = "";
			};
			name = Release;
		};
/* End XCBuildConfiguration section */

/* Begin XCConfigurationList section */
		C03D5B791D788DAB0005C5BD /* Build configuration list for PBXProject "Apartment Viewer" */ = {
			isa = XCConfigurationList;
			buildConfigurations = (
				C03D5B8E1D788DAC0005C5BD /* Debug */,
				C03D5B8F1D788DAC0005C5BD /* Release */,
			);
			defaultConfigurationIsVisible = 0;
			defaultConfigurationName = Release;
		};
		C03D5B901D788DAC0005C5BD /* Build configuration list for PBXNativeTarget "Apartment Viewer" */ = {
			isa = XCConfigurationList;
			buildConfigurations = (
				C03D5B911D788DAC0005C5BD /* Debug */,
				C03D5B921D788DAC0005C5BD /* Release */,
			);
			defaultConfigurationIsVisible = 0;
		};
/* End XCConfigurationList section */
	};
	rootObject = C03D5B761D788DAB0005C5BD /* Project object */;
}
